# This file is automatically @generated by Cargo.
# It is not intended for manual editing.
version = 4

[[package]]
name = "almost_binary"
version = "0.1.0"

[[package]]
name = "debasing64"
version = "0.1.0"

[[package]]
name = "fizzbuzz"
version = "0.1.0"

[[package]]
name = "open_parens"
version = "0.1.0"
